
Microsoft Visual Studio Solution File, Format Version 12.00
# Visual Studio 15
VisualStudioVersion = 15.0.28307.168
MinimumVisualStudioVersion = 10.0.40219.1
Project("{FAE04EC0-301F-11D3-BF4B-00C04F79EFBC}") = "BlueSky1", "BlueSky1\BlueSky1.csproj", "{BB7841F3-42F2-4C42-9AB7-C3A69B0EB9FF}"
EndProject
Global
	GlobalSection(SolutionConfigurationPlatforms) = preSolution
		Debug|Any CPU = Debug|Any CPU
		Release|Any CPU = Release|Any CPU
	EndGlobalSection
	GlobalSection(ProjectConfigurationPlatforms) = postSolution
		{BB7841F3-42F2-4C42-9AB7-C3A69B0EB9FF}.Debug|Any CPU.ActiveCfg = Debug|Any CPU
		{BB7841F3-42F2-4C42-9AB7-C3A69B0EB9FF}.Debug|Any CPU.Build.0 = Debug|Any CPU
		{BB7841F3-42F2-4C42-9AB7-C3A69B0EB9FF}.Release|Any CPU.ActiveCfg = Release|Any CPU
		{BB7841F3-42F2-4C42-9AB7-C3A69B0EB9FF}.Release|Any CPU.Build.0 = Release|Any CPU
	EndGlobalSection
	GlobalSection(SolutionProperties) = preSolution
		HideSolutionNode = FALSE
	EndGlobalSection
	GlobalSection(ExtensibilityGlobals) = postSolution
		SolutionGuid = {7A7478C5-4577-46ED-BC78-4D46C5486BB3}
	EndGlobalSection
EndGlobal
